
Microsoft Visual Studio Solution File, Format Version 12.00
# Visual Studio Version 17
VisualStudioVersion = 17.0.31903.59
MinimumVisualStudioVersion = 10.0.40219.1
Project("{FAE04EC0-301F-11D3-BF4B-00C04F79EFBC}") = "Pokedex", "Pokedex\Pokedex.csproj", "{427A3FC1-2A6E-4C0E-AD63-121645A5F59D}"
EndProject
Project("{FAE04EC0-301F-11D3-BF4B-00C04F79EFBC}") = "Pokedex.Tests", "Pokedex.Tests\Pokedex.Tests.csproj", "{81D86176-467A-4B8B-9282-F915985FC820}"
EndProject
Global
	GlobalSection(SolutionConfigurationPlatforms) = preSolution
		Debug|Any CPU = Debug|Any CPU
		Release|Any CPU = Release|Any CPU
	EndGlobalSection
	GlobalSection(SolutionProperties) = preSolution
		HideSolutionNode = FALSE
	EndGlobalSection
	GlobalSection(ProjectConfigurationPlatforms) = postSolution
		{427A3FC1-2A6E-4C0E-AD63-121645A5F59D}.Debug|Any CPU.ActiveCfg = Debug|Any CPU
		{427A3FC1-2A6E-4C0E-AD63-121645A5F59D}.Debug|Any CPU.Build.0 = Debug|Any CPU
		{427A3FC1-2A6E-4C0E-AD63-121645A5F59D}.Release|Any CPU.ActiveCfg = Release|Any CPU
		{427A3FC1-2A6E-4C0E-AD63-121645A5F59D}.Release|Any CPU.Build.0 = Release|Any CPU
		{81D86176-467A-4B8B-9282-F915985FC820}.Debug|Any CPU.ActiveCfg = Debug|Any CPU
		{81D86176-467A-4B8B-9282-F915985FC820}.Debug|Any CPU.Build.0 = Debug|Any CPU
		{81D86176-467A-4B8B-9282-F915985FC820}.Release|Any CPU.ActiveCfg = Release|Any CPU
		{81D86176-467A-4B8B-9282-F915985FC820}.Release|Any CPU.Build.0 = Release|Any CPU
	EndGlobalSection
EndGlobal
